
Microsoft Visual Studio Solution File, Format Version 12.00
# Visual Studio Version 16
VisualStudioVersion = 16.0.28803.156
MinimumVisualStudioVersion = 10.0.40219.1
Project("{9A19103F-16F7-4668-BE54-9A1E7A4F7556}") = "ASPNET Visual Studio", "ASPNET Visual Studio.csproj", "{0EB30A2F-484D-4579-8979-2266EFF4DE90}"
EndProject
Global
	GlobalSection(SolutionConfigurationPlatforms) = preSolution
		Debug|Any CPU = Debug|Any CPU
		Release|Any CPU = Release|Any CPU
	EndGlobalSection
	GlobalSection(ProjectConfigurationPlatforms) = postSolution
		{0EB30A2F-484D-4579-8979-2266EFF4DE90}.Debug|Any CPU.ActiveCfg = Debug|Any CPU
		{0EB30A2F-484D-4579-8979-2266EFF4DE90}.Debug|Any CPU.Build.0 = Debug|Any CPU
		{0EB30A2F-484D-4579-8979-2266EFF4DE90}.Release|Any CPU.ActiveCfg = Release|Any CPU
		{0EB30A2F-484D-4579-8979-2266EFF4DE90}.Release|Any CPU.Build.0 = Release|Any CPU
	EndGlobalSection
	GlobalSection(SolutionProperties) = preSolution
		HideSolutionNode = FALSE
	EndGlobalSection
	GlobalSection(ExtensibilityGlobals) = postSolution
		SolutionGuid = {DDC78061-1A37-429D-8677-74D7BA4619F0}
	EndGlobalSection
EndGlobal
